
Microsoft Visual Studio Solution File, Format Version 12.00
# Visual Studio 14
VisualStudioVersion = 14.0.25420.1
MinimumVisualStudioVersion = 10.0.40219.1
Project("{FAE04EC0-301F-11D3-BF4B-00C04F79EFBC}") = "Legacy.EventLog", "Legacy.EventLog\Legacy.EventLog.csproj", "{BE5BF802-05CB-4372-ABEC-28D59BE8D2B6}"
EndProject
Project("{FAE04EC0-301F-11D3-BF4B-00C04F79EFBC}") = "Legacy.EventLog.Test", "Legacy.EventLog.Test\Legacy.EventLog.Test.csproj", "{F8879B76-F5F2-4A7E-92DE-9BD771958797}"
EndProject
Project("{2150E333-8FDC-42A3-9474-1A3956D46DE8}") = "Solution Items", "Solution Items", "{CB9CF66A-9643-43D3-89DD-2583F14F183B}"
	ProjectSection(SolutionItems) = preProject
		readme.md = readme.md
	EndProjectSection
EndProject
Project("{FAE04EC0-301F-11D3-BF4B-00C04F79EFBC}") = "Legacy.Data", "Legacy.Data\Legacy.Data.csproj", "{57717831-41AD-4387-8CB9-8F8838D8C8D6}"
EndProject
Project("{FAE04EC0-301F-11D3-BF4B-00C04F79EFBC}") = "Legacy.LogApi", "Legacy.LogApi\Legacy.LogApi.csproj", "{C01BF1EA-3C9B-4CD7-980C-4D2E1B9DF202}"
EndProject
Project("{FAE04EC0-301F-11D3-BF4B-00C04F79EFBC}") = "Legacy.LogApi.Tests", "Legacy.LogApi.Tests\Legacy.LogApi.Tests.csproj", "{453708D9-02E5-4C6A-988A-7390C802599C}"
EndProject
Project("{8BB2217D-0F2D-49D1-97BC-3654ED321F3B}") = "Legacy.CoreApi", "Legacy.CoreApi\Legacy.CoreApi.xproj", "{50F361E6-E2BA-4257-8087-24DDD9C3EA0E}"
EndProject
Global
	GlobalSection(SolutionConfigurationPlatforms) = preSolution
		Debug|Any CPU = Debug|Any CPU
		Release|Any CPU = Release|Any CPU
	EndGlobalSection
	GlobalSection(ProjectConfigurationPlatforms) = postSolution
		{BE5BF802-05CB-4372-ABEC-28D59BE8D2B6}.Debug|Any CPU.ActiveCfg = Debug|Any CPU
		{BE5BF802-05CB-4372-ABEC-28D59BE8D2B6}.Debug|Any CPU.Build.0 = Debug|Any CPU
		{BE5BF802-05CB-4372-ABEC-28D59BE8D2B6}.Release|Any CPU.ActiveCfg = Release|Any CPU
		{BE5BF802-05CB-4372-ABEC-28D59BE8D2B6}.Release|Any CPU.Build.0 = Release|Any CPU
		{F8879B76-F5F2-4A7E-92DE-9BD771958797}.Debug|Any CPU.ActiveCfg = Debug|Any CPU
		{F8879B76-F5F2-4A7E-92DE-9BD771958797}.Debug|Any CPU.Build.0 = Debug|Any CPU
		{F8879B76-F5F2-4A7E-92DE-9BD771958797}.Release|Any CPU.ActiveCfg = Release|Any CPU
		{F8879B76-F5F2-4A7E-92DE-9BD771958797}.Release|Any CPU.Build.0 = Release|Any CPU
		{57717831-41AD-4387-8CB9-8F8838D8C8D6}.Debug|Any CPU.ActiveCfg = Debug|Any CPU
		{57717831-41AD-4387-8CB9-8F8838D8C8D6}.Debug|Any CPU.Build.0 = Debug|Any CPU
		{57717831-41AD-4387-8CB9-8F8838D8C8D6}.Release|Any CPU.ActiveCfg = Release|Any CPU
		{57717831-41AD-4387-8CB9-8F8838D8C8D6}.Release|Any CPU.Build.0 = Release|Any CPU
		{C01BF1EA-3C9B-4CD7-980C-4D2E1B9DF202}.Debug|Any CPU.ActiveCfg = Debug|Any CPU
		{C01BF1EA-3C9B-4CD7-980C-4D2E1B9DF202}.Debug|Any CPU.Build.0 = Debug|Any CPU
		{C01BF1EA-3C9B-4CD7-980C-4D2E1B9DF202}.Release|Any CPU.ActiveCfg = Release|Any CPU
		{C01BF1EA-3C9B-4CD7-980C-4D2E1B9DF202}.Release|Any CPU.Build.0 = Release|Any CPU
		{453708D9-02E5-4C6A-988A-7390C802599C}.Debug|Any CPU.ActiveCfg = Debug|Any CPU
		{453708D9-02E5-4C6A-988A-7390C802599C}.Debug|Any CPU.Build.0 = Debug|Any CPU
		{453708D9-02E5-4C6A-988A-7390C802599C}.Release|Any CPU.ActiveCfg = Release|Any CPU
		{453708D9-02E5-4C6A-988A-7390C802599C}.Release|Any CPU.Build.0 = Release|Any CPU
		{50F361E6-E2BA-4257-8087-24DDD9C3EA0E}.Debug|Any CPU.ActiveCfg = Debug|Any CPU
		{50F361E6-E2BA-4257-8087-24DDD9C3EA0E}.Debug|Any CPU.Build.0 = Debug|Any CPU
		{50F361E6-E2BA-4257-8087-24DDD9C3EA0E}.Release|Any CPU.ActiveCfg = Release|Any CPU
		{50F361E6-E2BA-4257-8087-24DDD9C3EA0E}.Release|Any CPU.Build.0 = Release|Any CPU
	EndGlobalSection
	GlobalSection(SolutionProperties) = preSolution
		HideSolutionNode = FALSE
	EndGlobalSection
EndGlobal
